
Microsoft Visual Studio Solution File, Format Version 12.00
# Visual Studio 2012
Project("{FAE04EC0-301F-11D3-BF4B-00C04F79EFBC}") = "BeMindful", "BeMindful\BeMindful.csproj", "{3FF80BAC-4E4E-4936-940D-FED89A4DEB79}"
EndProject
Project("{FAE04EC0-301F-11D3-BF4B-00C04F79EFBC}") = "NextGenSoftware.BeMindful.Models.Mock", "NextGenSoftware.BeMindful.Models\NextGenSoftware.BeMindful.Models.Mock.csproj", "{599CC4ED-0216-4CBF-BDA1-8DC0C8C18329}"
EndProject
Project("{FAE04EC0-301F-11D3-BF4B-00C04F79EFBC}") = "NextGenSoftware.BeMindful.Model.Core", "NextGenSoftware.BeMindful.Models.Interface\NextGenSoftware.BeMindful.Model.Core.csproj", "{7E68159F-72E1-4253-9B51-826B59CC3BD0}"
EndProject
Project("{2150E333-8FDC-42A3-9474-1A3956D46DE8}") = "Lib", "Lib", "{A46A4155-3B9E-4B5D-93A7-27196CCD7637}"
	ProjectSection(SolutionItems) = preProject
		Lib\PerpetuumSoft.Controls.dll = Lib\PerpetuumSoft.Controls.dll
	EndProjectSection
EndProject
Project("{FAE04EC0-301F-11D3-BF4B-00C04F79EFBC}") = "HTML5App1", "HTML5App1\HTML5App1.csproj", "{00B5AFDE-2B7E-4B0C-B3CB-D958E9F14898}"
EndProject
Project("{1B19158F-E398-40A6-8E3B-350508E125F1}") = "Application1.Shared", "Application1.Shared\Application1.Shared.dxjsproj", "{9DDB1448-7F69-4660-AF6C-1FCEBBDCE347}"
EndProject
Project("{1B19158F-E398-40A6-8E3B-350508E125F1}") = "Application1.Desktop", "Application1.Desktop\Application1.Desktop.dxjsproj", "{28E073A2-AA2F-4157-BB05-35C11723E232}"
EndProject
Project("{1B19158F-E398-40A6-8E3B-350508E125F1}") = "Application1.Mobile", "Application1.Mobile\Application1.Mobile.dxjsproj", "{69769868-16D6-4310-8A79-A7FDAD73ADE1}"
EndProject
Project("{262852C6-CD72-467D-83FE-5EEB1973A190}") = "Application1.Win8", "Application1.Win8\Application1.Win8.jsproj", "{906269C6-7B90-4329-85FF-2B7718EE7F05}"
EndProject
Project("{1B19158F-E398-40A6-8E3B-350508E125F1}") = "Win8HTML", "Win8HTML\Win8HTML.dxjsproj", "{06379AF9-3392-4949-90A8-34513B269248}"
EndProject
Project("{262852C6-CD72-467D-83FE-5EEB1973A190}") = "GridJSAPP", "GridJSAPP\GridJSAPP.jsproj", "{FC45337C-EA00-4CB5-94DE-F3C12992E386}"
EndProject
Global
	GlobalSection(SolutionConfigurationPlatforms) = preSolution
		Debug|Any CPU = Debug|Any CPU
		Debug|ARM = Debug|ARM
		Debug|x64 = Debug|x64
		Debug|x86 = Debug|x86
		Release|Any CPU = Release|Any CPU
		Release|ARM = Release|ARM
		Release|x64 = Release|x64
		Release|x86 = Release|x86
	EndGlobalSection
	GlobalSection(ProjectConfigurationPlatforms) = postSolution
		{3FF80BAC-4E4E-4936-940D-FED89A4DEB79}.Debug|Any CPU.ActiveCfg = Debug|Any CPU
		{3FF80BAC-4E4E-4936-940D-FED89A4DEB79}.Debug|Any CPU.Build.0 = Debug|Any CPU
		{3FF80BAC-4E4E-4936-940D-FED89A4DEB79}.Debug|Any CPU.Deploy.0 = Debug|Any CPU
		{3FF80BAC-4E4E-4936-940D-FED89A4DEB79}.Debug|ARM.ActiveCfg = Debug|Any CPU
		{3FF80BAC-4E4E-4936-940D-FED89A4DEB79}.Debug|x64.ActiveCfg = Debug|Any CPU
		{3FF80BAC-4E4E-4936-940D-FED89A4DEB79}.Debug|x86.ActiveCfg = Debug|Any CPU
		{3FF80BAC-4E4E-4936-940D-FED89A4DEB79}.Release|Any CPU.ActiveCfg = Release|Any CPU
		{3FF80BAC-4E4E-4936-940D-FED89A4DEB79}.Release|Any CPU.Build.0 = Release|Any CPU
		{3FF80BAC-4E4E-4936-940D-FED89A4DEB79}.Release|Any CPU.Deploy.0 = Release|Any CPU
		{3FF80BAC-4E4E-4936-940D-FED89A4DEB79}.Release|ARM.ActiveCfg = Release|Any CPU
		{3FF80BAC-4E4E-4936-940D-FED89A4DEB79}.Release|x64.ActiveCfg = Release|Any CPU
		{3FF80BAC-4E4E-4936-940D-FED89A4DEB79}.Release|x86.ActiveCfg = Release|Any CPU
		{599CC4ED-0216-4CBF-BDA1-8DC0C8C18329}.Debug|Any CPU.ActiveCfg = Debug|Any CPU
		{599CC4ED-0216-4CBF-BDA1-8DC0C8C18329}.Debug|Any CPU.Build.0 = Debug|Any CPU
		{599CC4ED-0216-4CBF-BDA1-8DC0C8C18329}.Debug|ARM.ActiveCfg = Debug|ARM
		{599CC4ED-0216-4CBF-BDA1-8DC0C8C18329}.Debug|ARM.Build.0 = Debug|ARM
		{599CC4ED-0216-4CBF-BDA1-8DC0C8C18329}.Debug|x64.ActiveCfg = Debug|x64
		{599CC4ED-0216-4CBF-BDA1-8DC0C8C18329}.Debug|x64.Build.0 = Debug|x64
		{599CC4ED-0216-4CBF-BDA1-8DC0C8C18329}.Debug|x86.ActiveCfg = Debug|x86
		{599CC4ED-0216-4CBF-BDA1-8DC0C8C18329}.Debug|x86.Build.0 = Debug|x86
		{599CC4ED-0216-4CBF-BDA1-8DC0C8C18329}.Release|Any CPU.ActiveCfg = Release|Any CPU
		{599CC4ED-0216-4CBF-BDA1-8DC0C8C18329}.Release|Any CPU.Build.0 = Release|Any CPU
		{599CC4ED-0216-4CBF-BDA1-8DC0C8C18329}.Release|ARM.ActiveCfg = Release|ARM
		{599CC4ED-0216-4CBF-BDA1-8DC0C8C18329}.Release|ARM.Build.0 = Release|ARM
		{599CC4ED-0216-4CBF-BDA1-8DC0C8C18329}.Release|x64.ActiveCfg = Release|x64
		{599CC4ED-0216-4CBF-BDA1-8DC0C8C18329}.Release|x64.Build.0 = Release|x64
		{599CC4ED-0216-4CBF-BDA1-8DC0C8C18329}.Release|x86.ActiveCfg = Release|x86
		{599CC4ED-0216-4CBF-BDA1-8DC0C8C18329}.Release|x86.Build.0 = Release|x86
		{7E68159F-72E1-4253-9B51-826B59CC3BD0}.Debug|Any CPU.ActiveCfg = Debug|Any CPU
		{7E68159F-72E1-4253-9B51-826B59CC3BD0}.Debug|Any CPU.Build.0 = Debug|Any CPU
		{7E68159F-72E1-4253-9B51-826B59CC3BD0}.Debug|ARM.ActiveCfg = Debug|ARM
		{7E68159F-72E1-4253-9B51-826B59CC3BD0}.Debug|ARM.Build.0 = Debug|ARM
		{7E68159F-72E1-4253-9B51-826B59CC3BD0}.Debug|x64.ActiveCfg = Debug|x64
		{7E68159F-72E1-4253-9B51-826B59CC3BD0}.Debug|x64.Build.0 = Debug|x64
		{7E68159F-72E1-4253-9B51-826B59CC3BD0}.Debug|x86.ActiveCfg = Debug|x86
		{7E68159F-72E1-4253-9B51-826B59CC3BD0}.Debug|x86.Build.0 = Debug|x86
		{7E68159F-72E1-4253-9B51-826B59CC3BD0}.Release|Any CPU.ActiveCfg = Release|Any CPU
		{7E68159F-72E1-4253-9B51-826B59CC3BD0}.Release|Any CPU.Build.0 = Release|Any CPU
		{7E68159F-72E1-4253-9B51-826B59CC3BD0}.Release|ARM.ActiveCfg = Release|ARM
		{7E68159F-72E1-4253-9B51-826B59CC3BD0}.Release|ARM.Build.0 = Release|ARM
		{7E68159F-72E1-4253-9B51-826B59CC3BD0}.Release|x64.ActiveCfg = Release|x64
		{7E68159F-72E1-4253-9B51-826B59CC3BD0}.Release|x64.Build.0 = Release|x64
		{7E68159F-72E1-4253-9B51-826B59CC3BD0}.Release|x86.ActiveCfg = Release|x86
		{7E68159F-72E1-4253-9B51-826B59CC3BD0}.Release|x86.Build.0 = Release|x86
		{00B5AFDE-2B7E-4B0C-B3CB-D958E9F14898}.Debug|Any CPU.ActiveCfg = Debug|Any CPU
		{00B5AFDE-2B7E-4B0C-B3CB-D958E9F14898}.Debug|Any CPU.Build.0 = Debug|Any CPU
		{00B5AFDE-2B7E-4B0C-B3CB-D958E9F14898}.Debug|Any CPU.Deploy.0 = Debug|Any CPU
		{00B5AFDE-2B7E-4B0C-B3CB-D958E9F14898}.Debug|ARM.ActiveCfg = Debug|ARM
		{00B5AFDE-2B7E-4B0C-B3CB-D958E9F14898}.Debug|ARM.Build.0 = Debug|ARM
		{00B5AFDE-2B7E-4B0C-B3CB-D958E9F14898}.Debug|ARM.Deploy.0 = Debug|ARM
		{00B5AFDE-2B7E-4B0C-B3CB-D958E9F14898}.Debug|x64.ActiveCfg = Debug|Any CPU
		{00B5AFDE-2B7E-4B0C-B3CB-D958E9F14898}.Debug|x86.ActiveCfg = Debug|x86
		{00B5AFDE-2B7E-4B0C-B3CB-D958E9F14898}.Debug|x86.Build.0 = Debug|x86
		{00B5AFDE-2B7E-4B0C-B3CB-D958E9F14898}.Debug|x86.Deploy.0 = Debug|x86
		{00B5AFDE-2B7E-4B0C-B3CB-D958E9F14898}.Release|Any CPU.ActiveCfg = Release|Any CPU
		{00B5AFDE-2B7E-4B0C-B3CB-D958E9F14898}.Release|Any CPU.Build.0 = Release|Any CPU
		{00B5AFDE-2B7E-4B0C-B3CB-D958E9F14898}.Release|Any CPU.Deploy.0 = Release|Any CPU
		{00B5AFDE-2B7E-4B0C-B3CB-D958E9F14898}.Release|ARM.ActiveCfg = Release|ARM
		{00B5AFDE-2B7E-4B0C-B3CB-D958E9F14898}.Release|ARM.Build.0 = Release|ARM
		{00B5AFDE-2B7E-4B0C-B3CB-D958E9F14898}.Release|ARM.Deploy.0 = Release|ARM
		{00B5AFDE-2B7E-4B0C-B3CB-D958E9F14898}.Release|x64.ActiveCfg = Release|Any CPU
		{00B5AFDE-2B7E-4B0C-B3CB-D958E9F14898}.Release|x86.ActiveCfg = Release|x86
		{00B5AFDE-2B7E-4B0C-B3CB-D958E9F14898}.Release|x86.Build.0 = Release|x86
		{00B5AFDE-2B7E-4B0C-B3CB-D958E9F14898}.Release|x86.Deploy.0 = Release|x86
		{9DDB1448-7F69-4660-AF6C-1FCEBBDCE347}.Debug|Any CPU.ActiveCfg = Debug|x86
		{9DDB1448-7F69-4660-AF6C-1FCEBBDCE347}.Debug|ARM.ActiveCfg = Debug|x86
		{9DDB1448-7F69-4660-AF6C-1FCEBBDCE347}.Debug|x64.ActiveCfg = Debug|x86
		{9DDB1448-7F69-4660-AF6C-1FCEBBDCE347}.Debug|x86.ActiveCfg = Debug|x86
		{9DDB1448-7F69-4660-AF6C-1FCEBBDCE347}.Debug|x86.Build.0 = Debug|x86
		{9DDB1448-7F69-4660-AF6C-1FCEBBDCE347}.Release|Any CPU.ActiveCfg = Release|x86
		{9DDB1448-7F69-4660-AF6C-1FCEBBDCE347}.Release|ARM.ActiveCfg = Release|x86
		{9DDB1448-7F69-4660-AF6C-1FCEBBDCE347}.Release|x64.ActiveCfg = Release|x86
		{9DDB1448-7F69-4660-AF6C-1FCEBBDCE347}.Release|x86.ActiveCfg = Release|x86
		{9DDB1448-7F69-4660-AF6C-1FCEBBDCE347}.Release|x86.Build.0 = Release|x86
		{28E073A2-AA2F-4157-BB05-35C11723E232}.Debug|Any CPU.ActiveCfg = Debug|x86
		{28E073A2-AA2F-4157-BB05-35C11723E232}.Debug|ARM.ActiveCfg = Debug|x86
		{28E073A2-AA2F-4157-BB05-35C11723E232}.Debug|x64.ActiveCfg = Debug|x86
		{28E073A2-AA2F-4157-BB05-35C11723E232}.Debug|x86.ActiveCfg = Debug|x86
		{28E073A2-AA2F-4157-BB05-35C11723E232}.Debug|x86.Build.0 = Debug|x86
		{28E073A2-AA2F-4157-BB05-35C11723E232}.Release|Any CPU.ActiveCfg = Release|x86
		{28E073A2-AA2F-4157-BB05-35C11723E232}.Release|ARM.ActiveCfg = Release|x86
		{28E073A2-AA2F-4157-BB05-35C11723E232}.Release|x64.ActiveCfg = Release|x86
		{28E073A2-AA2F-4157-BB05-35C11723E232}.Release|x86.ActiveCfg = Release|x86
		{28E073A2-AA2F-4157-BB05-35C11723E232}.Release|x86.Build.0 = Release|x86
		{69769868-16D6-4310-8A79-A7FDAD73ADE1}.Debug|Any CPU.ActiveCfg = Debug|x86
		{69769868-16D6-4310-8A79-A7FDAD73ADE1}.Debug|ARM.ActiveCfg = Debug|x86
		{69769868-16D6-4310-8A79-A7FDAD73ADE1}.Debug|x64.ActiveCfg = Debug|x86
		{69769868-16D6-4310-8A79-A7FDAD73ADE1}.Debug|x86.ActiveCfg = Debug|x86
		{69769868-16D6-4310-8A79-A7FDAD73ADE1}.Debug|x86.Build.0 = Debug|x86
		{69769868-16D6-4310-8A79-A7FDAD73ADE1}.Release|Any CPU.ActiveCfg = Release|x86
		{69769868-16D6-4310-8A79-A7FDAD73ADE1}.Release|ARM.ActiveCfg = Release|x86
		{69769868-16D6-4310-8A79-A7FDAD73ADE1}.Release|x64.ActiveCfg = Release|x86
		{69769868-16D6-4310-8A79-A7FDAD73ADE1}.Release|x86.ActiveCfg = Release|x86
		{69769868-16D6-4310-8A79-A7FDAD73ADE1}.Release|x86.Build.0 = Release|x86
		{906269C6-7B90-4329-85FF-2B7718EE7F05}.Debug|Any CPU.ActiveCfg = Debug|Any CPU
		{906269C6-7B90-4329-85FF-2B7718EE7F05}.Debug|Any CPU.Build.0 = Debug|Any CPU
		{906269C6-7B90-4329-85FF-2B7718EE7F05}.Debug|Any CPU.Deploy.0 = Debug|Any CPU
		{906269C6-7B90-4329-85FF-2B7718EE7F05}.Debug|ARM.ActiveCfg = Debug|ARM
		{906269C6-7B90-4329-85FF-2B7718EE7F05}.Debug|ARM.Build.0 = Debug|ARM
		{906269C6-7B90-4329-85FF-2B7718EE7F05}.Debug|ARM.Deploy.0 = Debug|ARM
		{906269C6-7B90-4329-85FF-2B7718EE7F05}.Debug|x64.ActiveCfg = Debug|x64
		{906269C6-7B90-4329-85FF-2B7718EE7F05}.Debug|x64.Build.0 = Debug|x64
		{906269C6-7B90-4329-85FF-2B7718EE7F05}.Debug|x64.Deploy.0 = Debug|x64
		{906269C6-7B90-4329-85FF-2B7718EE7F05}.Debug|x86.ActiveCfg = Debug|x86
		{906269C6-7B90-4329-85FF-2B7718EE7F05}.Debug|x86.Build.0 = Debug|x86
		{906269C6-7B90-4329-85FF-2B7718EE7F05}.Debug|x86.Deploy.0 = Debug|x86
		{906269C6-7B90-4329-85FF-2B7718EE7F05}.Release|Any CPU.ActiveCfg = Release|Any CPU
		{906269C6-7B90-4329-85FF-2B7718EE7F05}.Release|Any CPU.Build.0 = Release|Any CPU
		{906269C6-7B90-4329-85FF-2B7718EE7F05}.Release|Any CPU.Deploy.0 = Release|Any CPU
		{906269C6-7B90-4329-85FF-2B7718EE7F05}.Release|ARM.ActiveCfg = Release|ARM
		{906269C6-7B90-4329-85FF-2B7718EE7F05}.Release|ARM.Build.0 = Release|ARM
		{906269C6-7B90-4329-85FF-2B7718EE7F05}.Release|ARM.Deploy.0 = Release|ARM
		{906269C6-7B90-4329-85FF-2B7718EE7F05}.Release|x64.ActiveCfg = Release|x64
		{906269C6-7B90-4329-85FF-2B7718EE7F05}.Release|x64.Build.0 = Release|x64
		{906269C6-7B90-4329-85FF-2B7718EE7F05}.Release|x64.Deploy.0 = Release|x64
		{906269C6-7B90-4329-85FF-2B7718EE7F05}.Release|x86.ActiveCfg = Release|x86
		{906269C6-7B90-4329-85FF-2B7718EE7F05}.Release|x86.Build.0 = Release|x86
		{906269C6-7B90-4329-85FF-2B7718EE7F05}.Release|x86.Deploy.0 = Release|x86
		{06379AF9-3392-4949-90A8-34513B269248}.Debug|Any CPU.ActiveCfg = Debug|x86
		{06379AF9-3392-4949-90A8-34513B269248}.Debug|ARM.ActiveCfg = Debug|x86
		{06379AF9-3392-4949-90A8-34513B269248}.Debug|x64.ActiveCfg = Debug|x86
		{06379AF9-3392-4949-90A8-34513B269248}.Debug|x86.ActiveCfg = Debug|x86
		{06379AF9-3392-4949-90A8-34513B269248}.Debug|x86.Build.0 = Debug|x86
		{06379AF9-3392-4949-90A8-34513B269248}.Release|Any CPU.ActiveCfg = Release|x86
		{06379AF9-3392-4949-90A8-34513B269248}.Release|ARM.ActiveCfg = Release|x86
		{06379AF9-3392-4949-90A8-34513B269248}.Release|x64.ActiveCfg = Release|x86
		{06379AF9-3392-4949-90A8-34513B269248}.Release|x86.ActiveCfg = Release|x86
		{06379AF9-3392-4949-90A8-34513B269248}.Release|x86.Build.0 = Release|x86
		{FC45337C-EA00-4CB5-94DE-F3C12992E386}.Debug|Any CPU.ActiveCfg = Debug|Any CPU
		{FC45337C-EA00-4CB5-94DE-F3C12992E386}.Debug|Any CPU.Build.0 = Debug|Any CPU
		{FC45337C-EA00-4CB5-94DE-F3C12992E386}.Debug|Any CPU.Deploy.0 = Debug|Any CPU
		{FC45337C-EA00-4CB5-94DE-F3C12992E386}.Debug|ARM.ActiveCfg = Debug|ARM
		{FC45337C-EA00-4CB5-94DE-F3C12992E386}.Debug|ARM.Build.0 = Debug|ARM
		{FC45337C-EA00-4CB5-94DE-F3C12992E386}.Debug|ARM.Deploy.0 = Debug|ARM
		{FC45337C-EA00-4CB5-94DE-F3C12992E386}.Debug|x64.ActiveCfg = Debug|x64
		{FC45337C-EA00-4CB5-94DE-F3C12992E386}.Debug|x64.Build.0 = Debug|x64
		{FC45337C-EA00-4CB5-94DE-F3C12992E386}.Debug|x64.Deploy.0 = Debug|x64
		{FC45337C-EA00-4CB5-94DE-F3C12992E386}.Debug|x86.ActiveCfg = Debug|x86
		{FC45337C-EA00-4CB5-94DE-F3C12992E386}.Debug|x86.Build.0 = Debug|x86
		{FC45337C-EA00-4CB5-94DE-F3C12992E386}.Debug|x86.Deploy.0 = Debug|x86
		{FC45337C-EA00-4CB5-94DE-F3C12992E386}.Release|Any CPU.ActiveCfg = Release|Any CPU
		{FC45337C-EA00-4CB5-94DE-F3C12992E386}.Release|Any CPU.Build.0 = Release|Any CPU
		{FC45337C-EA00-4CB5-94DE-F3C12992E386}.Release|Any CPU.Deploy.0 = Release|Any CPU
		{FC45337C-EA00-4CB5-94DE-F3C12992E386}.Release|ARM.ActiveCfg = Release|ARM
		{FC45337C-EA00-4CB5-94DE-F3C12992E386}.Release|ARM.Build.0 = Release|ARM
		{FC45337C-EA00-4CB5-94DE-F3C12992E386}.Release|ARM.Deploy.0 = Release|ARM
		{FC45337C-EA00-4CB5-94DE-F3C12992E386}.Release|x64.ActiveCfg = Release|x64
		{FC45337C-EA00-4CB5-94DE-F3C12992E386}.Release|x64.Build.0 = Release|x64
		{FC45337C-EA00-4CB5-94DE-F3C12992E386}.Release|x64.Deploy.0 = Release|x64
		{FC45337C-EA00-4CB5-94DE-F3C12992E386}.Release|x86.ActiveCfg = Release|x86
		{FC45337C-EA00-4CB5-94DE-F3C12992E386}.Release|x86.Build.0 = Release|x86
		{FC45337C-EA00-4CB5-94DE-F3C12992E386}.Release|x86.Deploy.0 = Release|x86
	EndGlobalSection
	GlobalSection(SolutionProperties) = preSolution
		HideSolutionNode = FALSE
	EndGlobalSection
EndGlobal
